
Microsoft Visual Studio Solution File, Format Version 12.00
# Visual Studio 15
VisualStudioVersion = 15.0.28307.489
MinimumVisualStudioVersion = 10.0.40219.1
Project("{FAE04EC0-301F-11D3-BF4B-00C04F79EFBC}") = "BilForsikring", "BilForsikring\BilForsikring.csproj", "{CE39A776-B08D-4605-9D3D-B5D9F4ADE3F8}"
EndProject
Project("{FAE04EC0-301F-11D3-BF4B-00C04F79EFBC}") = "WebApi", "WebApi\WebApi.csproj", "{38EE5158-0E38-42E2-ACE5-7DD4D5AAD173}"
EndProject
Global
	GlobalSection(SolutionConfigurationPlatforms) = preSolution
		Debug|Any CPU = Debug|Any CPU
		Release|Any CPU = Release|Any CPU
	EndGlobalSection
	GlobalSection(ProjectConfigurationPlatforms) = postSolution
		{CE39A776-B08D-4605-9D3D-B5D9F4ADE3F8}.Debug|Any CPU.ActiveCfg = Debug|Any CPU
		{CE39A776-B08D-4605-9D3D-B5D9F4ADE3F8}.Debug|Any CPU.Build.0 = Debug|Any CPU
		{CE39A776-B08D-4605-9D3D-B5D9F4ADE3F8}.Release|Any CPU.ActiveCfg = Release|Any CPU
		{CE39A776-B08D-4605-9D3D-B5D9F4ADE3F8}.Release|Any CPU.Build.0 = Release|Any CPU
		{38EE5158-0E38-42E2-ACE5-7DD4D5AAD173}.Debug|Any CPU.ActiveCfg = Debug|Any CPU
		{38EE5158-0E38-42E2-ACE5-7DD4D5AAD173}.Debug|Any CPU.Build.0 = Debug|Any CPU
		{38EE5158-0E38-42E2-ACE5-7DD4D5AAD173}.Release|Any CPU.ActiveCfg = Release|Any CPU
		{38EE5158-0E38-42E2-ACE5-7DD4D5AAD173}.Release|Any CPU.Build.0 = Release|Any CPU
	EndGlobalSection
	GlobalSection(SolutionProperties) = preSolution
		HideSolutionNode = FALSE
	EndGlobalSection
	GlobalSection(ExtensibilityGlobals) = postSolution
		SolutionGuid = {6D8556ED-A7AE-4CB2-BD03-9A096C61C3E9}
	EndGlobalSection
EndGlobal
